
Microsoft Visual Studio Solution File, Format Version 12.00
Project("{FAE04EC0-301F-11D3-BF4B-00C04F79EFBC}") = "SolarWatch", "SolarWatch\SolarWatch.csproj", "{CB422DD8-60BE-446A-932F-5AAB23BE8C5B}"
EndProject
Project("{FAE04EC0-301F-11D3-BF4B-00C04F79EFBC}") = "SolarWatchTest", "SolarWatchTest\SolarWatchTest.csproj", "{DF975FDD-7AE8-494F-AE45-4A24D33C24BC}"
EndProject
Project("{FAE04EC0-301F-11D3-BF4B-00C04F79EFBC}") = "IntegrationTest", "IntegrationTest\IntegrationTest.csproj", "{CAA28EC3-15EE-4C3D-88AF-8CBC6B70A51B}"
EndProject
Global
	GlobalSection(SolutionConfigurationPlatforms) = preSolution
		Debug|Any CPU = Debug|Any CPU
		Release|Any CPU = Release|Any CPU
	EndGlobalSection
	GlobalSection(ProjectConfigurationPlatforms) = postSolution
		{CB422DD8-60BE-446A-932F-5AAB23BE8C5B}.Debug|Any CPU.ActiveCfg = Debug|Any CPU
		{CB422DD8-60BE-446A-932F-5AAB23BE8C5B}.Debug|Any CPU.Build.0 = Debug|Any CPU
		{CB422DD8-60BE-446A-932F-5AAB23BE8C5B}.Release|Any CPU.ActiveCfg = Release|Any CPU
		{CB422DD8-60BE-446A-932F-5AAB23BE8C5B}.Release|Any CPU.Build.0 = Release|Any CPU
		{DF975FDD-7AE8-494F-AE45-4A24D33C24BC}.Debug|Any CPU.ActiveCfg = Debug|Any CPU
		{DF975FDD-7AE8-494F-AE45-4A24D33C24BC}.Debug|Any CPU.Build.0 = Debug|Any CPU
		{DF975FDD-7AE8-494F-AE45-4A24D33C24BC}.Release|Any CPU.ActiveCfg = Release|Any CPU
		{DF975FDD-7AE8-494F-AE45-4A24D33C24BC}.Release|Any CPU.Build.0 = Release|Any CPU
		{CAA28EC3-15EE-4C3D-88AF-8CBC6B70A51B}.Debug|Any CPU.ActiveCfg = Debug|Any CPU
		{CAA28EC3-15EE-4C3D-88AF-8CBC6B70A51B}.Debug|Any CPU.Build.0 = Debug|Any CPU
		{CAA28EC3-15EE-4C3D-88AF-8CBC6B70A51B}.Release|Any CPU.ActiveCfg = Release|Any CPU
		{CAA28EC3-15EE-4C3D-88AF-8CBC6B70A51B}.Release|Any CPU.Build.0 = Release|Any CPU
	EndGlobalSection
EndGlobal
